
Microsoft Visual Studio Solution File, Format Version 12.00
# Visual Studio Version 18
VisualStudioVersion = 18.0.11111.16 d18.0
MinimumVisualStudioVersion = 10.0.40219.1
Project("{9A19103F-16F7-4668-BE54-9A1E7A4F7556}") = "CestlheureduBK", "CestlheureduBK\CestlheureduBK.csproj", "{30244177-ABB2-46CD-8711-FD295452FCE8}"
EndProject
Project("{9A19103F-16F7-4668-BE54-9A1E7A4F7556}") = "CestlheureduBK.Client", "CestlheureduBK.Client\CestlheureduBK.Client.csproj", "{25D55CD5-3303-400E-B566-089EBF494F79}"
EndProject
Project("{9A19103F-16F7-4668-BE54-9A1E7A4F7556}") = "CestlheureduBK.Common", "CestlheureduBK.Common\CestlheureduBK.Common.csproj", "{1D4AF890-81D7-4B7C-9BC9-826DD7DCE861}"
EndProject
Project("{2150E333-8FDC-42A3-9474-1A3956D46DE8}") = "Solution Items", "Solution Items", "{9A2C9288-939C-4334-A733-C88A549013E5}"
	ProjectSection(SolutionItems) = preProject
		.editorconfig = .editorconfig
	EndProjectSection
EndProject
Global
	GlobalSection(SolutionConfigurationPlatforms) = preSolution
		Debug|Any CPU = Debug|Any CPU
		Release|Any CPU = Release|Any CPU
	EndGlobalSection
	GlobalSection(ProjectConfigurationPlatforms) = postSolution
		{30244177-ABB2-46CD-8711-FD295452FCE8}.Debug|Any CPU.ActiveCfg = Debug|Any CPU
		{30244177-ABB2-46CD-8711-FD295452FCE8}.Debug|Any CPU.Build.0 = Debug|Any CPU
		{30244177-ABB2-46CD-8711-FD295452FCE8}.Release|Any CPU.ActiveCfg = Release|Any CPU
		{30244177-ABB2-46CD-8711-FD295452FCE8}.Release|Any CPU.Build.0 = Release|Any CPU
		{25D55CD5-3303-400E-B566-089EBF494F79}.Debug|Any CPU.ActiveCfg = Debug|Any CPU
		{25D55CD5-3303-400E-B566-089EBF494F79}.Debug|Any CPU.Build.0 = Debug|Any CPU
		{25D55CD5-3303-400E-B566-089EBF494F79}.Release|Any CPU.ActiveCfg = Release|Any CPU
		{25D55CD5-3303-400E-B566-089EBF494F79}.Release|Any CPU.Build.0 = Release|Any CPU
		{1D4AF890-81D7-4B7C-9BC9-826DD7DCE861}.Debug|Any CPU.ActiveCfg = Debug|Any CPU
		{1D4AF890-81D7-4B7C-9BC9-826DD7DCE861}.Debug|Any CPU.Build.0 = Debug|Any CPU
		{1D4AF890-81D7-4B7C-9BC9-826DD7DCE861}.Release|Any CPU.ActiveCfg = Release|Any CPU
		{1D4AF890-81D7-4B7C-9BC9-826DD7DCE861}.Release|Any CPU.Build.0 = Release|Any CPU
	EndGlobalSection
	GlobalSection(SolutionProperties) = preSolution
		HideSolutionNode = FALSE
	EndGlobalSection
	GlobalSection(ExtensibilityGlobals) = postSolution
		SolutionGuid = {0F0EA02D-F572-4B4C-B057-DA97FF2D3730}
	EndGlobalSection
EndGlobal
